{
  "version": 4,
  "terraform_version": "1.9.8",
  "serial": 95,
  "lineage": "e04b9915-fda6-8b9f-089d-40cd2fb4546d",
  "outputs": {
    "alb_dns_name": {
      "value": "sri-alb-1218821073.ap-south-1.elb.amazonaws.com",
      "type": "string"
    },
    "bastion_public_ip": {
      "value": "3.110.184.5",
      "type": "string"
    },
    "igw_id": {
      "value": "igw-0c5a1cc3d97454b17",
      "type": "string"
    },
    "nameservers": {
      "value": [
        "ns-1335.awsdns-38.org",
        "ns-1577.awsdns-05.co.uk",
        "ns-56.awsdns-07.com",
        "ns-741.awsdns-28.net"
      ],
      "type": [
        "list",
        "string"
      ]
    },
    "nat_gateway_id": {
      "value": "nat-00f80e1667ba3f4d5",
      "type": "string"
    },
    "vpc_id": {
      "value": "vpc-010df71c1c5fd659e",
      "type": "string"
    }
  },
  "resources": [
    {
      "mode": "data",
      "type": "aws_ami",
      "name": "amazon_linux",
      "provider": "provider[\"registry.terraform.io/hashicorp/aws\"]",
      "instances": [
        {
          "schema_version": 0,
          "attributes": {
            "architecture": "x86_64",
            "arn": "arn:aws:ec2:ap-south-1::image/ami-0ff5003538b60d5ec",
            "block_device_mappings": [
              {
                "device_name": "/dev/xvda",
                "ebs": {
                  "delete_on_termination": "true",
                  "encrypted": "false",
                  "iops": "3000",
                  "snapshot_id": "snap-033d78ab4ecb4b613",
                  "throughput": "125",
                  "volume_initialization_rate": "0",
                  "volume_size": "8",
                  "volume_type": "gp3"
                },
                "no_device": "",
                "virtual_name": ""
              }
            ],
            "boot_mode": "uefi-preferred",
            "creation_date": "2026-01-23T21:22:44.000Z",
            "deprecation_time": "2026-04-23T21:29:00.000Z",
            "description": "Amazon Linux 2023 AMI 2023.10.20260120.4 x86_64 HVM kernel-6.1",
            "ena_support": true,
            "executable_users": null,
            "filter": [
              {
                "name": "name",
                "values": [
                  "al2023-ami-2023.*-x86_64"
                ]
              }
            ],
            "hypervisor": "xen",
            "id": "ami-0ff5003538b60d5ec",
            "image_id": "ami-0ff5003538b60d5ec",
            "image_location": "amazon/al2023-ami-2023.10.20260120.4-kernel-6.1-x86_64",
            "image_owner_alias": "amazon",
            "image_type": "machine",
            "imds_support": "v2.0",
            "include_deprecated": false,
            "kernel_id": "",
            "last_launched_time": "",
            "most_recent": true,
            "name": "al2023-ami-2023.10.20260120.4-kernel-6.1-x86_64",
            "name_regex": null,
            "owner_id": "137112412989",
            "owners": [
              "amazon"
            ],
            "platform": "",
            "platform_details": "Linux/UNIX",
            "product_codes": [],
            "public": true,
            "ramdisk_id": "",
            "root_device_name": "/dev/xvda",
            "root_device_type": "ebs",
            "root_snapshot_id": "snap-033d78ab4ecb4b613",
            "sriov_net_support": "simple",
            "state": "available",
            "state_reason": {
              "code": "UNSET",
              "message": "UNSET"
            },
            "tags": {},
            "timeouts": null,
            "tpm_support": "",
            "uefi_data": null,
            "usage_operation": "RunInstances",
            "virtualization_type": "hvm"
          },
          "sensitive_attributes": []
        }
      ]
    },
    {
      "mode": "managed",
      "type": "aws_acm_certificate",
      "name": "cert",
      "provider": "provider[\"registry.terraform.io/hashicorp/aws\"]",
      "instances": [
        {
          "schema_version": 0,
          "attributes": {
            "arn": "arn:aws:acm:ap-south-1:222634404995:certificate/e40d75d2-a047-4423-a749-2729eb517e0a",
            "certificate_authority_arn": "",
            "certificate_body": "-----BEGIN CERTIFICATE-----\nMIIFCzCCA/OgAwIBAgISBvnZ99UhXNuoOwdWQvxWyYGpMA0GCSqGSIb3DQEBCwUA\nMDMxCzAJBgNVBAYTAlVTMRYwFAYDVQQKEw1MZXQncyBFbmNyeXB0MQwwCgYDVQQD\nEwNSMTMwHhcNMjYwMTE4MDQzOTEzWhcNMjYwNDE4MDQzOTEyWjAjMSEwHwYDVQQD\nExhnYXJkZW4uc3Jpbml2YXNrb25hLmxpZmUwggEiMA0GCSqGSIb3DQEBAQUAA4IB\nDwAwggEKAoIBAQDGyPDOIk9tb11/syghUb+pVX344WZU1ZXkWNvC++Ma5W0LfPgi\n6l9WzN8g0mOWZBoUbBlkBFhadnQf5UymD8anLhTssVJKu+LE2WBxQ55mMqSz4xXa\n6TM5fkqXqFNphqAldLyE4SSrJ0JuvKofoDgJgI8RSP7IltYGwwUHD/vOI5n3uo4p\nFNbyNsgQHqLSUVJAe0XhqBq2+bFic/ZB7slT/UAughc77sGgZm0jth2ATi45Pu15\ntfs2hQk2R5y19CAtuD2c7NLABcW59gbTlD/kJPh7gEdcETrZbSP8cCuYj8aBUu+9\nLghqHU8uF0HDArNoVoKjvoBMuTe9T/UOjsu7AgMBAAGjggInMIICIzAOBgNVHQ8B\nAf8EBAMCBaAwHQYDVR0lBBYwFAYIKwYBBQUHAwEGCCsGAQUFBwMCMAwGA1UdEwEB\n/wQCMAAwHQYDVR0OBBYEFODANdepF7Nrk9SZ28NL0fx07cvAMB8GA1UdIwQYMBaA\nFOernw8sM6BT015PeMiyhA471pIzMDMGCCsGAQUFBwEBBCcwJTAjBggrBgEFBQcw\nAoYXaHR0cDovL3IxMy5pLmxlbmNyLm9yZy8wIwYDVR0RBBwwGoIYZ2FyZGVuLnNy\naW5pdmFza29uYS5saWZlMBMGA1UdIAQMMAowCAYGZ4EMAQIBMC4GA1UdHwQnMCUw\nI6AhoB+GHWh0dHA6Ly9yMTMuYy5sZW5jci5vcmcvNDIuY3JsMIIBAwYKKwYBBAHW\neQIEAgSB9ASB8QDvAHYAZBHEbKQS7KeJHKICLgC8q08oB9QeNSer6v7VA8l9zfAA\nAAGbz5v3lAAABAMARzBFAiEA0A2njEggSCPO+tcJJMbqzEYjfmnxUkApG4VfZGgC\nSesCIAKaytGD6Tgyj9qNBuztAz11mmNZSoAqr3p9x5SiXldcAHUAFoMtq/CpJQ8P\n8DqlRf/Iv8gj0IdL9gQpJ/jnHzMT9foAAAGbz5v3rAAABAMARjBEAiBgFD5ArWR8\nd+W6DuRJurhlfiRcAzk5YwwLHmGSsFJn/gIgF8Gx6V+yN+f7oNN8HFhQitPvCGxw\n80uG+u8LHwx1HjUwDQYJKoZIhvcNAQELBQADggEBAG6H5mtAVmzV5z7S3fjr8WI4\n+jkfAKglDnlVJFlrwFHc2tpm6PRU3+MsvzTfrbQerHne7hTv6038qzCFdOuUArTl\nU2Bm9RkiTyZ6RvwO3mpIqsBXG528pWtU9rM2KDRDjUcKInVxmEFvUzDLPHZRwnkj\nWo5+vUHHFkE45WFUzdEPAdElTFMC/9Z1nWU0bsAy2hP1WSkly0J9rscGziEVbcA9\nLbV6jYvz1Vh7PDQVvdXvQBIR/vBbPzI1qEbzT5lmxTXr5SfAk8ix0hoUjinVqIhM\nUH6TgPJcnaue1ZUJhI/5YpeEexRLHjU8TBIYFSIC6LZjM48DvCCz29v0Zq0+I/M=\n-----END CERTIFICATE-----\n",
            "certificate_chain": "-----BEGIN CERTIFICATE-----\nMIIFBTCCAu2gAwIBAgIQWgDyEtjUtIDzkkFX6imDBTANBgkqhkiG9w0BAQsFADBP\nMQswCQYDVQQGEwJVUzEpMCcGA1UEChMgSW50ZXJuZXQgU2VjdXJpdHkgUmVzZWFy\nY2ggR3JvdXAxFTATBgNVBAMTDElTUkcgUm9vdCBYMTAeFw0yNDAzMTMwMDAwMDBa\nFw0yNzAzMTIyMzU5NTlaMDMxCzAJBgNVBAYTAlVTMRYwFAYDVQQKEw1MZXQncyBF\nbmNyeXB0MQwwCgYDVQQDEwNSMTMwggEiMA0GCSqGSIb3DQEBAQUAA4IBDwAwggEK\nAoIBAQClZ3CN0FaBZBUXYc25BtStGZCMJlA3mBZjklTb2cyEBZPs0+wIG6BgUUNI\nfSvHSJaetC3ancgnO1ehn6vw1g7UDjDKb5ux0daknTI+WE41b0VYaHEX/D7YXYKg\nL7JRbLAaXbhZzjVlyIuhrxA3/+OcXcJJFzT/jCuLjfC8cSyTDB0FxLrHzarJXnzR\nyQH3nAP2/Apd9Np75tt2QnDr9E0i2gB3b9bJXxf92nUupVcM9upctuBzpWjPoXTi\ndYJ+EJ/B9aLrAek4sQpEzNPCifVJNYIKNLMc6YjCR06CDgo28EdPivEpBHXazeGa\nXP9enZiVuppD0EqiFwUBBDDTMrOPAgMBAAGjgfgwgfUwDgYDVR0PAQH/BAQDAgGG\nMB0GA1UdJQQWMBQGCCsGAQUFBwMCBggrBgEFBQcDATASBgNVHRMBAf8ECDAGAQH/\nAgEAMB0GA1UdDgQWBBTnq58PLDOgU9NeT3jIsoQOO9aSMzAfBgNVHSMEGDAWgBR5\ntFnme7bl5AFzgAiIyBpY9umbbjAyBggrBgEFBQcBAQQmMCQwIgYIKwYBBQUHMAKG\nFmh0dHA6Ly94MS5pLmxlbmNyLm9yZy8wEwYDVR0gBAwwCjAIBgZngQwBAgEwJwYD\nVR0fBCAwHjAcoBqgGIYWaHR0cDovL3gxLmMubGVuY3Iub3JnLzANBgkqhkiG9w0B\nAQsFAAOCAgEAUTdYUqEimzW7TbrOypLqCfL7VOwYf/Q79OH5cHLCZeggfQhDconl\nk7Kgh8b0vi+/XuWu7CN8n/UPeg1vo3G+taXirrytthQinAHGwc/UdbOygJa9zuBc\nVyqoH3CXTXDInT+8a+c3aEVMJ2St+pSn4ed+WkDp8ijsijvEyFwE47hulW0Ltzjg\n9fOV5Pmrg/zxWbRuL+k0DBDHEJennCsAen7c35Pmx7jpmJ/HtgRhcnz0yjSBvyIw\n6L1QIupkCv2SBODT/xDD3gfQQyKv6roV4G2EhfEyAsWpmojxjCUCGiyg97FvDtm/\nNK2LSc9lybKxB73I2+P2G3CaWpvvpAiHCVu30jW8GCxKdfhsXtnIy2imskQqVZ2m\n0Pmxobb28Tucr7xBK7CtwvPrb79os7u2XP3O5f9b/H66GNyRrglRXlrYjI1oGYL/\nf4I1n/Sgusda6WvA6C190kxjU15Y12mHU4+BxyR9cx2hhGS9fAjMZKJss28qxvz6\nAxu4CaDmRNZpK/pQrXF17yXCXkmEWgvSOEZy6Z9pcbLIVEGckV/iVeq0AOo2pkg9\np4QRIy0tK2diRENLSF2KysFwbY6B26BFeFs3v1sYVRhFW9nLkOrQVporCS0KyZmf\nwVD89qSTlnctLcZnIavjKsKUu1nA1iU0yYMdYepKR7lWbnwhdx3ewok=\n-----END CERTIFICATE-----\n",
            "domain_name": "garden.srinivaskona.life",
            "domain_validation_options": [],
            "early_renewal_duration": "",
            "id": "arn:aws:acm:ap-south-1:222634404995:certificate/e40d75d2-a047-4423-a749-2729eb517e0a",
            "key_algorithm": "RSA_2048",
            "not_after": "2026-04-18T04:39:12Z",
            "not_before": "2026-01-18T04:39:13Z",
            "options": [
              {
                "certificate_transparency_logging_preference": "DISABLED"
              }
            ],
            "pending_renewal": false,
            "private_key": "-----BEGIN RSA PRIVATE KEY-----\nMIIEogIBAAKCAQEAxsjwziJPbW9df7MoIVG/qVV9+OFmVNWV5FjbwvvjGuVtC3z4\nIupfVszfINJjlmQaFGwZZARYWnZ0H+VMpg/Gpy4U7LFSSrvixNlgcUOeZjKks+MV\n2ukzOX5Kl6hTaYagJXS8hOEkqydCbryqH6A4CYCPEUj+yJbWBsMFBw/7ziOZ97qO\nKRTW8jbIEB6i0lFSQHtF4agatvmxYnP2Qe7JU/1ALoIXO+7BoGZtI7YdgE4uOT7t\nebX7NoUJNkectfQgLbg9nOzSwAXFufYG05Q/5CT4e4BHXBE62W0j/HArmI/GgVLv\nvS4Iah1PLhdBwwKzaFaCo76ATLk3vU/1Do7LuwIDAQABAoIBAAVSvjgW7R+WGt/f\nkVSLFuHW+z+d8ZqV+aSayI/JJQTEXg4vs4lj01fEtrjvSWFuntArMObfwunxQBzW\njB3qUDyL3F2WRgjgTStOUunVkLlV49k5XI13Lzr76c1z4X/y7fjyzlWUneHDdGD4\nxmmAZd/DRJGG7eO7PlICCPFueSTE/SKSv1EtDNfmIFAx7TQep8Em6uUhZv/l0vQq\n41pNjeXeg/tzqXzJeWbNNXZ+eF9UbsvAEQv2CVwC4hw1CDOScFNyIy6HKraYtgym\nNcqW/Wuwl6LUS0MbhNZ4V7z7d3V9i1/WGdJDUTcl3SiJEgpEhL6Ypkzc4RJylBcn\n9DF58sECgYEA/LcqmaD6UsO+IQPIWDALLnOkVY22wl1q/IT9YJHe8AEKBwevp5sH\nagLhlbfIDv9efohzRMlUfyRWtetIcI78DAQ4apSFIxhXmL19aJ1B7A4VtLW+gVXD\n6GNMvRLroyoI6D0A9YuirAN4FQwZMRTiU6bEXqzjybE3ZVjIRk1CjqECgYEAyV5W\nNQRUkcE4SxqY5T+KkhrtZU7LQRzm1T/NTQRjQbRUih0ZxlrkZblvzDuoNHVw6Ggs\nQPjdkoch6KZKPEFsfz8qi5sZLGhPtEzOnc3D9TbE0vRMoJ+kafKsHTNxgW+xe0/r\noJOxp5n6zrcJgT3fKzoASWC6obNVsOGt2W6RyNsCgYAt/shqHbpxxd6c86tLIbNn\nSPTn/Vr+FTKbszjKksIYvJeun9+Aid7XlJ6qOUDYOfJg5UTViC8w1NRTV/dfRSbq\nqPn7q/xvXsbSrepdWAHfjNC2iz2ZHJsDeM9GumLY15W3byL1jeyVkiwQ6JrNLBfl\nUbz73ku3MeH7OCV7ZiRvAQKBgBMX1Mi2HmarkXDdlr215qev0e6XKAKGgQSbRhYV\nYmvqc1GdLMJ3/8v9ZzJQPcSrlgcTSY7nierI0VhD3CoWcfkmvhv6mspxIY2Q8s5X\nokrv5H20GEfqmyZIkjU6mXqSYpu0mjzhhCjGGtfa1xXgDfcFSt2qREfsvyVEYL2L\nFFudAoGAV8nlPXYzikPwvmFjGo/NeTe2NcuZhe9LQxz+ERNUI4dewsm4ZLn6lr6G\nSDV46x564C9m/8xZc8mDiYM8zKCFJ2vDb9wCNaYScnMNLDhnkVG7Ol0FPISjwm9d\ndDIoRijuytc06Ng4NYHmYDfn2TtSbbPTN7Ys+7HDzw+sbA0kl/E=\n-----END RSA PRIVATE KEY-----\n",
            "renewal_eligibility": "INELIGIBLE",
            "renewal_summary": [],
            "status": "ISSUED",
            "subject_alternative_names": [
              "garden.srinivaskona.life"
            ],
            "tags": {
              "Name": "sri-acm-cert"
            },
            "tags_all": {
              "Name": "sri-acm-cert"
            },
            "type": "IMPORTED",
            "validation_emails": [],
            "validation_method": "NONE",
            "validation_option": []
          },
          "sensitive_attributes": [
            [
              {
                "type": "get_attr",
                "value": "private_key"
              }
            ]
          ],
          "private": "bnVsbA=="
        }
      ]
    },
    {
      "mode": "managed",
      "type": "aws_autoscaling_group",
      "name": "app_asg",
      "provider": "provider[\"registry.terraform.io/hashicorp/aws\"]",
      "instances": [
        {
          "schema_version": 1,
          "attributes": {
            "arn": "arn:aws:autoscaling:ap-south-1:222634404995:autoScalingGroup:60a393dd-aa37-4b6e-b1b9-661b9aee304e:autoScalingGroupName/sri-asg",
            "availability_zone_distribution": [
              {
                "capacity_distribution_strategy": "balanced-best-effort"
              }
            ],
            "availability_zones": [
              "ap-south-1a",
              "ap-south-1b"
            ],
            "capacity_rebalance": false,
            "capacity_reservation_specification": [
              {
                "capacity_reservation_preference": "default",
                "capacity_reservation_target": []
              }
            ],
            "context": "",
            "default_cooldown": 300,
            "default_instance_warmup": 0,
            "desired_capacity": 2,
            "desired_capacity_type": "",
            "enabled_metrics": null,
            "force_delete": false,
            "force_delete_warm_pool": false,
            "health_check_grace_period": 300,
            "health_check_type": "ELB",
            "id": "sri-asg",
            "ignore_failed_scaling_activities": false,
            "initial_lifecycle_hook": [],
            "instance_maintenance_policy": [],
            "instance_refresh": [],
            "launch_configuration": "",
            "launch_template": [
              {
                "id": "lt-06285fe1890dd8d7d",
                "name": "sri-lt-20260202060045127000000003",
                "version": "$Latest"
              }
            ],
            "load_balancers": [],
            "max_instance_lifetime": 0,
            "max_size": 3,
            "metrics_granularity": "1Minute",
            "min_elb_capacity": null,
            "min_size": 2,
            "mixed_instances_policy": [],
            "name": "sri-asg",
            "name_prefix": "",
            "placement_group": "",
            "predicted_capacity": 0,
            "protect_from_scale_in": false,
            "service_linked_role_arn": "arn:aws:iam::222634404995:role/aws-service-role/autoscaling.amazonaws.com/AWSServiceRoleForAutoScaling",
            "suspended_processes": null,
            "tag": [
              {
                "key": "Name",
                "propagate_at_launch": true,
                "value": "sri-app-asg"
              }
            ],
            "target_group_arns": [
              "arn:aws:elasticloadbalancing:ap-south-1:222634404995:targetgroup/sri-tg/cf191c3a28d98f5b"
            ],
            "termination_policies": null,
            "timeouts": null,
            "traffic_source": [
              {
                "identifier": "arn:aws:elasticloadbalancing:ap-south-1:222634404995:targetgroup/sri-tg/cf191c3a28d98f5b",
                "type": "elbv2"
              }
            ],
            "vpc_zone_identifier": [
              "subnet-0414f34d6669e3b12",
              "subnet-0835a718acff9f6d4"
            ],
            "wait_for_capacity_timeout": "10m",
            "wait_for_elb_capacity": null,
            "warm_pool": [],
            "warm_pool_size": 0
          },
          "sensitive_attributes": [],
          "private": "eyJlMmJmYjczMC1lY2FhLTExZTYtOGY4OC0zNDM2M2JjN2M0YzAiOnsiZGVsZXRlIjo2MDAwMDAwMDAwMDAsInVwZGF0ZSI6NjAwMDAwMDAwMDAwfSwic2NoZW1hX3ZlcnNpb24iOiIxIn0=",
          "dependencies": [
            "aws_launch_template.app_lt",
            "aws_lb_target_group.main",
            "aws_security_group.alb",
            "aws_security_group.app",
            "aws_security_group.bastion",
            "aws_subnet.private",
            "aws_vpc.main",
            "data.aws_ami.amazon_linux"
          ]
        }
      ]
    },
    {
      "mode": "managed",
      "type": "aws_autoscaling_policy",
      "name": "cpu_policy",
      "provider": "provider[\"registry.terraform.io/hashicorp/aws\"]",
      "instances": [
        {
          "schema_version": 0,
          "attributes": {
            "adjustment_type": "",
            "arn": "arn:aws:autoscaling:ap-south-1:222634404995:scalingPolicy:3d110334-63a3-4c1e-a3f7-cf0eba4030eb:autoScalingGroupName/sri-asg:policyName/sri-cpu-policy",
            "autoscaling_group_name": "sri-asg",
            "cooldown": 0,
            "enabled": true,
            "estimated_instance_warmup": 0,
            "id": "sri-cpu-policy",
            "metric_aggregation_type": "",
            "min_adjustment_magnitude": 0,
            "name": "sri-cpu-policy",
            "policy_type": "TargetTrackingScaling",
            "predictive_scaling_configuration": [],
            "scaling_adjustment": 0,
            "step_adjustment": [],
            "target_tracking_configuration": [
              {
                "customized_metric_specification": [],
                "disable_scale_in": false,
                "predefined_metric_specification": [
                  {
                    "predefined_metric_type": "ASGAverageCPUUtilization",
                    "resource_label": ""
                  }
                ],
                "target_value": 50
              }
            ]
          },
          "sensitive_attributes": [],
          "private": "bnVsbA==",
          "dependencies": [
            "aws_autoscaling_group.app_asg",
            "aws_launch_template.app_lt",
            "aws_lb_target_group.main",
            "aws_security_group.alb",
            "aws_security_group.app",
            "aws_security_group.bastion",
            "aws_subnet.private",
            "aws_vpc.main",
            "data.aws_ami.amazon_linux"
          ]
        }
      ]
    },
    {
      "mode": "managed",
      "type": "aws_autoscaling_policy",
      "name": "request_count_policy",
      "provider": "provider[\"registry.terraform.io/hashicorp/aws\"]",
      "instances": [
        {
          "schema_version": 0,
          "attributes": {
            "adjustment_type": "",
            "arn": "arn:aws:autoscaling:ap-south-1:222634404995:scalingPolicy:b9e0bcec-91b6-488c-886e-01d7c2feaeb1:autoScalingGroupName/sri-asg:policyName/sri-request-policy",
            "autoscaling_group_name": "sri-asg",
            "cooldown": 0,
            "enabled": true,
            "estimated_instance_warmup": 0,
            "id": "sri-request-policy",
            "metric_aggregation_type": "",
            "min_adjustment_magnitude": 0,
            "name": "sri-request-policy",
            "policy_type": "TargetTrackingScaling",
            "predictive_scaling_configuration": [],
            "scaling_adjustment": 0,
            "step_adjustment": [],
            "target_tracking_configuration": [
              {
                "customized_metric_specification": [],
                "disable_scale_in": false,
                "predefined_metric_specification": [
                  {
                    "predefined_metric_type": "ALBRequestCountPerTarget",
                    "resource_label": "app/sri-alb/ab89eb9769fdb172/targetgroup/sri-tg/cf191c3a28d98f5b"
                  }
                ],
                "target_value": 100
              }
            ]
          },
          "sensitive_attributes": [],
          "private": "bnVsbA==",
          "dependencies": [
            "aws_autoscaling_group.app_asg",
            "aws_launch_template.app_lt",
            "aws_lb.main",
            "aws_lb_target_group.main",
            "aws_security_group.alb",
            "aws_security_group.app",
            "aws_security_group.bastion",
            "aws_subnet.private",
            "aws_subnet.public",
            "aws_vpc.main",
            "data.aws_ami.amazon_linux"
          ]
        }
      ]
    },
    {
      "mode": "managed",
      "type": "aws_eip",
      "name": "nat",
      "provider": "provider[\"registry.terraform.io/hashicorp/aws\"]",
      "instances": [
        {
          "schema_version": 0,
          "attributes": {
            "address": null,
            "allocation_id": "eipalloc-0e15120715967cf31",
            "arn": "arn:aws:ec2:ap-south-1:222634404995:elastic-ip/eipalloc-0e15120715967cf31",
            "associate_with_private_ip": null,
            "association_id": "",
            "carrier_ip": "",
            "customer_owned_ip": "",
            "customer_owned_ipv4_pool": "",
            "domain": "vpc",
            "id": "eipalloc-0e15120715967cf31",
            "instance": "",
            "ipam_pool_id": null,
            "network_border_group": "ap-south-1",
            "network_interface": "",
            "private_dns": null,
            "private_ip": "",
            "ptr_record": "",
            "public_dns": "ec2-13-204-227-11.ap-south-1.compute.amazonaws.com",
            "public_ip": "13.204.227.11",
            "public_ipv4_pool": "amazon",
            "tags": {
              "Name": "sri-nat-eip"
            },
            "tags_all": {
              "Name": "sri-nat-eip"
            },
            "timeouts": null,
            "vpc": true
          },
          "sensitive_attributes": [],
          "private": "eyJlMmJmYjczMC1lY2FhLTExZTYtOGY4OC0zNDM2M2JjN2M0YzAiOnsiZGVsZXRlIjoxODAwMDAwMDAwMDAsInJlYWQiOjkwMDAwMDAwMDAwMCwidXBkYXRlIjozMDAwMDAwMDAwMDB9fQ=="
        }
      ]
    },
    {
      "mode": "managed",
      "type": "aws_instance",
      "name": "bastion",
      "provider": "provider[\"registry.terraform.io/hashicorp/aws\"]",
      "instances": [
        {
          "schema_version": 1,
          "attributes": {
            "ami": "ami-0ff5003538b60d5ec",
            "arn": "arn:aws:ec2:ap-south-1:222634404995:instance/i-0678fc9da6af676d7",
            "associate_public_ip_address": true,
            "availability_zone": "ap-south-1a",
            "capacity_reservation_specification": [
              {
                "capacity_reservation_preference": "open",
                "capacity_reservation_target": []
              }
            ],
            "cpu_core_count": 1,
            "cpu_options": [
              {
                "amd_sev_snp": "",
                "core_count": 1,
                "threads_per_core": 1
              }
            ],
            "cpu_threads_per_core": 1,
            "credit_specification": [
              {
                "cpu_credits": "standard"
              }
            ],
            "disable_api_stop": false,
            "disable_api_termination": false,
            "ebs_block_device": [],
            "ebs_optimized": false,
            "enable_primary_ipv6": null,
            "enclave_options": [
              {
                "enabled": false
              }
            ],
            "ephemeral_block_device": [],
            "get_password_data": false,
            "hibernation": false,
            "host_id": "",
            "host_resource_group_arn": null,
            "iam_instance_profile": "",
            "id": "i-0678fc9da6af676d7",
            "instance_initiated_shutdown_behavior": "stop",
            "instance_lifecycle": "",
            "instance_market_options": [],
            "instance_state": "running",
            "instance_type": "t2.micro",
            "ipv6_address_count": 0,
            "ipv6_addresses": [],
            "key_name": "aws",
            "launch_template": [],
            "maintenance_options": [
              {
                "auto_recovery": "default"
              }
            ],
            "metadata_options": [
              {
                "http_endpoint": "enabled",
                "http_protocol_ipv6": "disabled",
                "http_put_response_hop_limit": 2,
                "http_tokens": "required",
                "instance_metadata_tags": "disabled"
              }
            ],
            "monitoring": false,
            "network_interface": [],
            "outpost_arn": "",
            "password_data": "",
            "placement_group": "",
            "placement_partition_number": 0,
            "primary_network_interface_id": "eni-0768bbd344d04c251",
            "private_dns": "ip-10-0-1-107.ap-south-1.compute.internal",
            "private_dns_name_options": [
              {
                "enable_resource_name_dns_a_record": false,
                "enable_resource_name_dns_aaaa_record": false,
                "hostname_type": "ip-name"
              }
            ],
            "private_ip": "10.0.1.107",
            "public_dns": "ec2-3-110-184-5.ap-south-1.compute.amazonaws.com",
            "public_ip": "3.110.184.5",
            "root_block_device": [
              {
                "delete_on_termination": true,
                "device_name": "/dev/xvda",
                "encrypted": false,
                "iops": 3000,
                "kms_key_id": "",
                "tags": {},
                "tags_all": {},
                "throughput": 125,
                "volume_id": "vol-048c9685a6456edd2",
                "volume_size": 8,
                "volume_type": "gp3"
              }
            ],
            "secondary_private_ips": [],
            "security_groups": [],
            "source_dest_check": true,
            "spot_instance_request_id": "",
            "subnet_id": "subnet-0d112b258d4e49294",
            "tags": {
              "Name": "sri-bastion"
            },
            "tags_all": {
              "Name": "sri-bastion"
            },
            "tenancy": "default",
            "timeouts": null,
            "user_data": null,
            "user_data_base64": null,
            "user_data_replace_on_change": false,
            "volume_tags": null,
            "vpc_security_group_ids": [
              "sg-06ca45f8d3262b7ba"
            ]
          },
          "sensitive_attributes": [],
          "private": "eyJlMmJmYjczMC1lY2FhLTExZTYtOGY4OC0zNDM2M2JjN2M0YzAiOnsiY3JlYXRlIjo2MDAwMDAwMDAwMDAsImRlbGV0ZSI6MTIwMDAwMDAwMDAwMCwicmVhZCI6OTAwMDAwMDAwMDAwLCJ1cGRhdGUiOjYwMDAwMDAwMDAwMH0sInNjaGVtYV92ZXJzaW9uIjoiMSJ9",
          "dependencies": [
            "aws_security_group.bastion",
            "aws_subnet.public",
            "aws_vpc.main",
            "data.aws_ami.amazon_linux"
          ]
        }
      ]
    },
    {
      "mode": "managed",
      "type": "aws_internet_gateway",
      "name": "igw",
      "provider": "provider[\"registry.terraform.io/hashicorp/aws\"]",
      "instances": [
        {
          "schema_version": 0,
          "attributes": {
            "arn": "arn:aws:ec2:ap-south-1:222634404995:internet-gateway/igw-0c5a1cc3d97454b17",
            "id": "igw-0c5a1cc3d97454b17",
            "owner_id": "222634404995",
            "tags": {
              "Name": "sri-igw"
            },
            "tags_all": {
              "Name": "sri-igw"
            },
            "timeouts": null,
            "vpc_id": "vpc-010df71c1c5fd659e"
          },
          "sensitive_attributes": [],
          "private": "eyJlMmJmYjczMC1lY2FhLTExZTYtOGY4OC0zNDM2M2JjN2M0YzAiOnsiY3JlYXRlIjoxMjAwMDAwMDAwMDAwLCJkZWxldGUiOjEyMDAwMDAwMDAwMDAsInVwZGF0ZSI6MTIwMDAwMDAwMDAwMH19",
          "dependencies": [
            "aws_vpc.main"
          ]
        }
      ]
    },
    {
      "mode": "managed",
      "type": "aws_launch_template",
      "name": "app_lt",
      "provider": "provider[\"registry.terraform.io/hashicorp/aws\"]",
      "instances": [
        {
          "schema_version": 0,
          "attributes": {
            "arn": "arn:aws:ec2:ap-south-1:222634404995:launch-template/lt-06285fe1890dd8d7d",
            "block_device_mappings": [],
            "capacity_reservation_specification": [],
            "cpu_options": [],
            "credit_specification": [],
            "default_version": 1,
            "description": "",
            "disable_api_stop": false,
            "disable_api_termination": false,
            "ebs_optimized": "",
            "elastic_gpu_specifications": [],
            "elastic_inference_accelerator": [],
            "enclave_options": [],
            "hibernation_options": [],
            "iam_instance_profile": [],
            "id": "lt-06285fe1890dd8d7d",
            "image_id": "ami-0ff5003538b60d5ec",
            "instance_initiated_shutdown_behavior": "",
            "instance_market_options": [],
            "instance_requirements": [],
            "instance_type": "t2.micro",
            "kernel_id": "",
            "key_name": "aws",
            "latest_version": 1,
            "license_specification": [],
            "maintenance_options": [],
            "metadata_options": [],
            "monitoring": [],
            "name": "sri-lt-20260202060045127000000003",
            "name_prefix": "sri-lt-",
            "network_interfaces": [
              {
                "associate_carrier_ip_address": "",
                "associate_public_ip_address": "false",
                "connection_tracking_specification": [],
                "delete_on_termination": "",
                "description": "",
                "device_index": 0,
                "ena_srd_specification": [],
                "interface_type": "",
                "ipv4_address_count": 0,
                "ipv4_addresses": null,
                "ipv4_prefix_count": 0,
                "ipv4_prefixes": null,
                "ipv6_address_count": 0,
                "ipv6_addresses": null,
                "ipv6_prefix_count": 0,
                "ipv6_prefixes": null,
                "network_card_index": 0,
                "network_interface_id": "",
                "primary_ipv6": "",
                "private_ip_address": "",
                "security_groups": [
                  "sg-0a993d791b4f3aeff"
                ],
                "subnet_id": ""
              }
            ],
            "placement": [],
            "private_dns_name_options": [],
            "ram_disk_id": "",
            "security_group_names": null,
            "tag_specifications": [
              {
                "resource_type": "instance",
                "tags": {
                  "Name": "sri-app"
                }
              }
            ],
            "tags": null,
            "tags_all": {},
            "update_default_version": null,
            "user_data": "IyEvYmluL2Jhc2gKeXVtIHVwZGF0ZSAteQp5dW0gaW5zdGFsbCAteSBodHRwZApzeXN0ZW1jdGwgc3RhcnQgaHR0cGQKc3lzdGVtY3RsIGVuYWJsZSBodHRwZAoKIyBGZXRjaCBJbnRlcm5hbCBJUCB1c2luZyBJTURTdjIKVE9LRU49YGN1cmwgLVggUFVUICJodHRwOi8vMTY5LjI1NC4xNjkuMjU0L2xhdGVzdC9hcGkvdG9rZW4iIC1IICJYLWF3cy1lYzItbWV0YWRhdGEtdG9rZW4tdHRsLXNlY29uZHM6IDIxNjAwImAKTE9DQUxfSVA9YGN1cmwgLUggIlgtYXdzLWVjMi1tZXRhZGF0YS10b2tlbjogJFRPS0VOIiAtdiBodHRwOi8vMTY5LjI1NC4xNjkuMjU0L2xhdGVzdC9tZXRhLWRhdGEvbG9jYWwtaXB2NGAKCiMgQ3JlYXRlIEluZGV4IFBhZ2UKZWNobyAiPGgxPkhlbGxvIGZyb20gVGVycmFmb3JtIEVDMiAoQXBhY2hlKTwvaDE+PHA+UnVubmluZyBmcm9tIGludGVybmFsIElQIGFkZHJlc3M6ICRMT0NBTF9JUDwvcD4iID4gL3Zhci93d3cvaHRtbC9pbmRleC5odG1sCg==",
            "vpc_security_group_ids": null
          },
          "sensitive_attributes": [],
          "private": "bnVsbA==",
          "dependencies": [
            "aws_security_group.alb",
            "aws_security_group.app",
            "aws_security_group.bastion",
            "aws_vpc.main",
            "data.aws_ami.amazon_linux"
          ],
          "create_before_destroy": true
        }
      ]
    },
    {
      "mode": "managed",
      "type": "aws_lb",
      "name": "main",
      "provider": "provider[\"registry.terraform.io/hashicorp/aws\"]",
      "instances": [
        {
          "schema_version": 0,
          "attributes": {
            "access_logs": [
              {
                "bucket": "",
                "enabled": false,
                "prefix": ""
              }
            ],
            "arn": "arn:aws:elasticloadbalancing:ap-south-1:222634404995:loadbalancer/app/sri-alb/ab89eb9769fdb172",
            "arn_suffix": "app/sri-alb/ab89eb9769fdb172",
            "client_keep_alive": 3600,
            "connection_logs": [
              {
                "bucket": "",
                "enabled": false,
                "prefix": ""
              }
            ],
            "customer_owned_ipv4_pool": "",
            "desync_mitigation_mode": "defensive",
            "dns_name": "sri-alb-1218821073.ap-south-1.elb.amazonaws.com",
            "dns_record_client_routing_policy": null,
            "drop_invalid_header_fields": false,
            "enable_cross_zone_load_balancing": true,
            "enable_deletion_protection": false,
            "enable_http2": true,
            "enable_tls_version_and_cipher_suite_headers": false,
            "enable_waf_fail_open": false,
            "enable_xff_client_port": false,
            "enable_zonal_shift": false,
            "enforce_security_group_inbound_rules_on_private_link_traffic": "",
            "id": "arn:aws:elasticloadbalancing:ap-south-1:222634404995:loadbalancer/app/sri-alb/ab89eb9769fdb172",
            "idle_timeout": 60,
            "internal": false,
            "ip_address_type": "ipv4",
            "ipam_pools": [],
            "load_balancer_type": "application",
            "minimum_load_balancer_capacity": [],
            "name": "sri-alb",
            "name_prefix": "",
            "preserve_host_header": false,
            "security_groups": [
              "sg-08c2e573162edb558"
            ],
            "subnet_mapping": [
              {
                "allocation_id": "",
                "ipv6_address": "",
                "outpost_id": "",
                "private_ipv4_address": "",
                "subnet_id": "subnet-07f7ad15589fa6dc1"
              },
              {
                "allocation_id": "",
                "ipv6_address": "",
                "outpost_id": "",
                "private_ipv4_address": "",
                "subnet_id": "subnet-0d112b258d4e49294"
              }
            ],
            "subnets": [
              "subnet-07f7ad15589fa6dc1",
              "subnet-0d112b258d4e49294"
            ],
            "tags": {
              "Name": "sri-alb"
            },
            "tags_all": {
              "Name": "sri-alb"
            },
            "timeouts": null,
            "vpc_id": "vpc-010df71c1c5fd659e",
            "xff_header_processing_mode": "append",
            "zone_id": "ZP97RAFLXTNZK"
          },
          "sensitive_attributes": [],
          "private": "eyJlMmJmYjczMC1lY2FhLTExZTYtOGY4OC0zNDM2M2JjN2M0YzAiOnsiY3JlYXRlIjo2MDAwMDAwMDAwMDAsImRlbGV0ZSI6NjAwMDAwMDAwMDAwLCJ1cGRhdGUiOjYwMDAwMDAwMDAwMH19",
          "dependencies": [
            "aws_security_group.alb",
            "aws_subnet.public",
            "aws_vpc.main"
          ]
        }
      ]
    },
    {
      "mode": "managed",
      "type": "aws_lb_listener",
      "name": "http",
      "provider": "provider[\"registry.terraform.io/hashicorp/aws\"]",
      "instances": [
        {
          "schema_version": 0,
          "attributes": {
            "alpn_policy": null,
            "arn": "arn:aws:elasticloadbalancing:ap-south-1:222634404995:listener/app/sri-alb/ab89eb9769fdb172/a9e9d973ea9b5758",
            "certificate_arn": null,
            "default_action": [
              {
                "authenticate_cognito": [],
                "authenticate_oidc": [],
                "fixed_response": [],
                "forward": [],
                "order": 1,
                "redirect": [
                  {
                    "host": "#{host}",
                    "path": "/#{path}",
                    "port": "443",
                    "protocol": "HTTPS",
                    "query": "#{query}",
                    "status_code": "HTTP_301"
                  }
                ],
                "target_group_arn": "",
                "type": "redirect"
              }
            ],
            "id": "arn:aws:elasticloadbalancing:ap-south-1:222634404995:listener/app/sri-alb/ab89eb9769fdb172/a9e9d973ea9b5758",
            "load_balancer_arn": "arn:aws:elasticloadbalancing:ap-south-1:222634404995:loadbalancer/app/sri-alb/ab89eb9769fdb172",
            "mutual_authentication": [],
            "port": 80,
            "protocol": "HTTP",
            "routing_http_request_x_amzn_mtls_clientcert_header_name": null,
            "routing_http_request_x_amzn_mtls_clientcert_issuer_header_name": null,
            "routing_http_request_x_amzn_mtls_clientcert_leaf_header_name": null,
            "routing_http_request_x_amzn_mtls_clientcert_serial_number_header_name": null,
            "routing_http_request_x_amzn_mtls_clientcert_subject_header_name": null,
            "routing_http_request_x_amzn_mtls_clientcert_validity_header_name": null,
            "routing_http_request_x_amzn_tls_cipher_suite_header_name": null,
            "routing_http_request_x_amzn_tls_version_header_name": null,
            "routing_http_response_access_control_allow_credentials_header_value": "",
            "routing_http_response_access_control_allow_headers_header_value": "",
            "routing_http_response_access_control_allow_methods_header_value": "",
            "routing_http_response_access_control_allow_origin_header_value": "",
            "routing_http_response_access_control_expose_headers_header_value": "",
            "routing_http_response_access_control_max_age_header_value": "",
            "routing_http_response_content_security_policy_header_value": "",
            "routing_http_response_server_enabled": true,
            "routing_http_response_strict_transport_security_header_value": "",
            "routing_http_response_x_content_type_options_header_value": "",
            "routing_http_response_x_frame_options_header_value": "",
            "ssl_policy": "",
            "tags": null,
            "tags_all": {},
            "tcp_idle_timeout_seconds": null,
            "timeouts": null
          },
          "sensitive_attributes": [],
          "private": "eyJlMmJmYjczMC1lY2FhLTExZTYtOGY4OC0zNDM2M2JjN2M0YzAiOnsiY3JlYXRlIjozMDAwMDAwMDAwMDAsInVwZGF0ZSI6MzAwMDAwMDAwMDAwfX0=",
          "dependencies": [
            "aws_lb.main",
            "aws_security_group.alb",
            "aws_subnet.public",
            "aws_vpc.main"
          ]
        }
      ]
    },
    {
      "mode": "managed",
      "type": "aws_lb_listener",
      "name": "https",
      "provider": "provider[\"registry.terraform.io/hashicorp/aws\"]",
      "instances": [
        {
          "schema_version": 0,
          "attributes": {
            "alpn_policy": null,
            "arn": "arn:aws:elasticloadbalancing:ap-south-1:222634404995:listener/app/sri-alb/ab89eb9769fdb172/fd8ff80fe6d92a95",
            "certificate_arn": "arn:aws:acm:ap-south-1:222634404995:certificate/e40d75d2-a047-4423-a749-2729eb517e0a",
            "default_action": [
              {
                "authenticate_cognito": [],
                "authenticate_oidc": [],
                "fixed_response": [],
                "forward": [],
                "order": 1,
                "redirect": [],
                "target_group_arn": "arn:aws:elasticloadbalancing:ap-south-1:222634404995:targetgroup/sri-tg/cf191c3a28d98f5b",
                "type": "forward"
              }
            ],
            "id": "arn:aws:elasticloadbalancing:ap-south-1:222634404995:listener/app/sri-alb/ab89eb9769fdb172/fd8ff80fe6d92a95",
            "load_balancer_arn": "arn:aws:elasticloadbalancing:ap-south-1:222634404995:loadbalancer/app/sri-alb/ab89eb9769fdb172",
            "mutual_authentication": [
              {
                "advertise_trust_store_ca_names": "",
                "ignore_client_certificate_expiry": false,
                "mode": "off",
                "trust_store_arn": ""
              }
            ],
            "port": 443,
            "protocol": "HTTPS",
            "routing_http_request_x_amzn_mtls_clientcert_header_name": "",
            "routing_http_request_x_amzn_mtls_clientcert_issuer_header_name": "",
            "routing_http_request_x_amzn_mtls_clientcert_leaf_header_name": "",
            "routing_http_request_x_amzn_mtls_clientcert_serial_number_header_name": "",
            "routing_http_request_x_amzn_mtls_clientcert_subject_header_name": "",
            "routing_http_request_x_amzn_mtls_clientcert_validity_header_name": "",
            "routing_http_request_x_amzn_tls_cipher_suite_header_name": "",
            "routing_http_request_x_amzn_tls_version_header_name": "",
            "routing_http_response_access_control_allow_credentials_header_value": "",
            "routing_http_response_access_control_allow_headers_header_value": "",
            "routing_http_response_access_control_allow_methods_header_value": "",
            "routing_http_response_access_control_allow_origin_header_value": "",
            "routing_http_response_access_control_expose_headers_header_value": "",
            "routing_http_response_access_control_max_age_header_value": "",
            "routing_http_response_content_security_policy_header_value": "",
            "routing_http_response_server_enabled": true,
            "routing_http_response_strict_transport_security_header_value": "",
            "routing_http_response_x_content_type_options_header_value": "",
            "routing_http_response_x_frame_options_header_value": "",
            "ssl_policy": "ELBSecurityPolicy-2016-08",
            "tags": null,
            "tags_all": {},
            "tcp_idle_timeout_seconds": null,
            "timeouts": null
          },
          "sensitive_attributes": [],
          "private": "eyJlMmJmYjczMC1lY2FhLTExZTYtOGY4OC0zNDM2M2JjN2M0YzAiOnsiY3JlYXRlIjozMDAwMDAwMDAwMDAsInVwZGF0ZSI6MzAwMDAwMDAwMDAwfX0=",
          "dependencies": [
            "aws_acm_certificate.cert",
            "aws_lb.main",
            "aws_lb_target_group.main",
            "aws_security_group.alb",
            "aws_subnet.public",
            "aws_vpc.main"
          ]
        }
      ]
    },
    {
      "mode": "managed",
      "type": "aws_lb_target_group",
      "name": "main",
      "provider": "provider[\"registry.terraform.io/hashicorp/aws\"]",
      "instances": [
        {
          "schema_version": 0,
          "attributes": {
            "arn": "arn:aws:elasticloadbalancing:ap-south-1:222634404995:targetgroup/sri-tg/cf191c3a28d98f5b",
            "arn_suffix": "targetgroup/sri-tg/cf191c3a28d98f5b",
            "connection_termination": null,
            "deregistration_delay": "300",
            "health_check": [
              {
                "enabled": true,
                "healthy_threshold": 2,
                "interval": 30,
                "matcher": "200",
                "path": "/",
                "port": "traffic-port",
                "protocol": "HTTP",
                "timeout": 5,
                "unhealthy_threshold": 2
              }
            ],
            "id": "arn:aws:elasticloadbalancing:ap-south-1:222634404995:targetgroup/sri-tg/cf191c3a28d98f5b",
            "ip_address_type": "ipv4",
            "lambda_multi_value_headers_enabled": false,
            "load_balancer_arns": [],
            "load_balancing_algorithm_type": "round_robin",
            "load_balancing_anomaly_mitigation": "off",
            "load_balancing_cross_zone_enabled": "use_load_balancer_configuration",
            "name": "sri-tg",
            "name_prefix": "",
            "port": 80,
            "preserve_client_ip": null,
            "protocol": "HTTP",
            "protocol_version": "HTTP1",
            "proxy_protocol_v2": false,
            "slow_start": 0,
            "stickiness": [
              {
                "cookie_duration": 86400,
                "cookie_name": "",
                "enabled": false,
                "type": "lb_cookie"
              }
            ],
            "tags": {
              "Name": "sri-tg"
            },
            "tags_all": {
              "Name": "sri-tg"
            },
            "target_failover": [
              {
                "on_deregistration": null,
                "on_unhealthy": null
              }
            ],
            "target_group_health": [
              {
                "dns_failover": [
                  {
                    "minimum_healthy_targets_count": "1",
                    "minimum_healthy_targets_percentage": "off"
                  }
                ],
                "unhealthy_state_routing": [
                  {
                    "minimum_healthy_targets_count": 1,
                    "minimum_healthy_targets_percentage": "off"
                  }
                ]
              }
            ],
            "target_health_state": [
              {
                "enable_unhealthy_connection_termination": null,
                "unhealthy_draining_interval": null
              }
            ],
            "target_type": "instance",
            "vpc_id": "vpc-010df71c1c5fd659e"
          },
          "sensitive_attributes": [],
          "private": "bnVsbA==",
          "dependencies": [
            "aws_vpc.main"
          ]
        }
      ]
    },
    {
      "mode": "managed",
      "type": "aws_nat_gateway",
      "name": "nat",
      "provider": "provider[\"registry.terraform.io/hashicorp/aws\"]",
      "instances": [
        {
          "schema_version": 0,
          "attributes": {
            "allocation_id": "eipalloc-0e15120715967cf31",
            "association_id": "eipassoc-06dc2c5359b5d6e03",
            "connectivity_type": "public",
            "id": "nat-00f80e1667ba3f4d5",
            "network_interface_id": "eni-0d90130736fad1e29",
            "private_ip": "10.0.1.10",
            "public_ip": "13.204.227.11",
            "secondary_allocation_ids": null,
            "secondary_private_ip_address_count": 0,
            "secondary_private_ip_addresses": [],
            "subnet_id": "subnet-0d112b258d4e49294",
            "tags": {
              "Name": "sri-nat-gw"
            },
            "tags_all": {
              "Name": "sri-nat-gw"
            },
            "timeouts": null
          },
          "sensitive_attributes": [],
          "private": "eyJlMmJmYjczMC1lY2FhLTExZTYtOGY4OC0zNDM2M2JjN2M0YzAiOnsiY3JlYXRlIjo2MDAwMDAwMDAwMDAsImRlbGV0ZSI6MTgwMDAwMDAwMDAwMCwidXBkYXRlIjo2MDAwMDAwMDAwMDB9fQ==",
          "dependencies": [
            "aws_eip.nat",
            "aws_internet_gateway.igw",
            "aws_subnet.public",
            "aws_vpc.main"
          ]
        }
      ]
    },
    {
      "mode": "managed",
      "type": "aws_route53_record",
      "name": "root",
      "provider": "provider[\"registry.terraform.io/hashicorp/aws\"]",
      "instances": [
        {
          "schema_version": 2,
          "attributes": {
            "alias": [
              {
                "evaluate_target_health": true,
                "name": "sri-alb-1218821073.ap-south-1.elb.amazonaws.com",
                "zone_id": "ZP97RAFLXTNZK"
              }
            ],
            "allow_overwrite": null,
            "cidr_routing_policy": [],
            "failover_routing_policy": [],
            "fqdn": "garden.srinivaskona.life",
            "geolocation_routing_policy": [],
            "geoproximity_routing_policy": [],
            "health_check_id": "",
            "id": "Z04241238ZYF5XNHDZW4_garden.srinivaskona.life_A",
            "latency_routing_policy": [],
            "multivalue_answer_routing_policy": false,
            "name": "garden.srinivaskona.life",
            "records": null,
            "set_identifier": "",
            "timeouts": null,
            "ttl": 0,
            "type": "A",
            "weighted_routing_policy": [],
            "zone_id": "Z04241238ZYF5XNHDZW4"
          },
          "sensitive_attributes": [],
          "private": "eyJlMmJmYjczMC1lY2FhLTExZTYtOGY4OC0zNDM2M2JjN2M0YzAiOnsiY3JlYXRlIjoxODAwMDAwMDAwMDAwLCJkZWxldGUiOjE4MDAwMDAwMDAwMDAsInVwZGF0ZSI6MTgwMDAwMDAwMDAwMH0sInNjaGVtYV92ZXJzaW9uIjoiMiJ9",
          "dependencies": [
            "aws_lb.main",
            "aws_route53_zone.main",
            "aws_security_group.alb",
            "aws_subnet.public",
            "aws_vpc.main"
          ]
        }
      ]
    },
    {
      "mode": "managed",
      "type": "aws_route53_record",
      "name": "www",
      "provider": "provider[\"registry.terraform.io/hashicorp/aws\"]",
      "instances": [
        {
          "schema_version": 2,
          "attributes": {
            "alias": [
              {
                "evaluate_target_health": true,
                "name": "sri-alb-1218821073.ap-south-1.elb.amazonaws.com",
                "zone_id": "ZP97RAFLXTNZK"
              }
            ],
            "allow_overwrite": null,
            "cidr_routing_policy": [],
            "failover_routing_policy": [],
            "fqdn": "www.garden.srinivaskona.life",
            "geolocation_routing_policy": [],
            "geoproximity_routing_policy": [],
            "health_check_id": "",
            "id": "Z04241238ZYF5XNHDZW4_www.garden.srinivaskona.life_A",
            "latency_routing_policy": [],
            "multivalue_answer_routing_policy": false,
            "name": "www.garden.srinivaskona.life",
            "records": null,
            "set_identifier": "",
            "timeouts": null,
            "ttl": 0,
            "type": "A",
            "weighted_routing_policy": [],
            "zone_id": "Z04241238ZYF5XNHDZW4"
          },
          "sensitive_attributes": [],
          "private": "eyJlMmJmYjczMC1lY2FhLTExZTYtOGY4OC0zNDM2M2JjN2M0YzAiOnsiY3JlYXRlIjoxODAwMDAwMDAwMDAwLCJkZWxldGUiOjE4MDAwMDAwMDAwMDAsInVwZGF0ZSI6MTgwMDAwMDAwMDAwMH0sInNjaGVtYV92ZXJzaW9uIjoiMiJ9",
          "dependencies": [
            "aws_lb.main",
            "aws_route53_zone.main",
            "aws_security_group.alb",
            "aws_subnet.public",
            "aws_vpc.main"
          ]
        }
      ]
    },
    {
      "mode": "managed",
      "type": "aws_route53_zone",
      "name": "main",
      "provider": "provider[\"registry.terraform.io/hashicorp/aws\"]",
      "instances": [
        {
          "schema_version": 0,
          "attributes": {
            "arn": "arn:aws:route53:::hostedzone/Z04241238ZYF5XNHDZW4",
            "comment": "Managed by Terraform",
            "delegation_set_id": "",
            "force_destroy": false,
            "id": "Z04241238ZYF5XNHDZW4",
            "name": "garden.srinivaskona.life",
            "name_servers": [
              "ns-1335.awsdns-38.org",
              "ns-1577.awsdns-05.co.uk",
              "ns-56.awsdns-07.com",
              "ns-741.awsdns-28.net"
            ],
            "primary_name_server": "ns-1577.awsdns-05.co.uk",
            "tags": {
              "Name": "sri-zone"
            },
            "tags_all": {
              "Name": "sri-zone"
            },
            "timeouts": null,
            "vpc": [],
            "zone_id": "Z04241238ZYF5XNHDZW4"
          },
          "sensitive_attributes": [],
          "private": "eyJlMmJmYjczMC1lY2FhLTExZTYtOGY4OC0zNDM2M2JjN2M0YzAiOnsiY3JlYXRlIjoxODAwMDAwMDAwMDAwLCJkZWxldGUiOjE4MDAwMDAwMDAwMDAsInVwZGF0ZSI6MTgwMDAwMDAwMDAwMH19"
        }
      ]
    },
    {
      "mode": "managed",
      "type": "aws_route_table",
      "name": "private",
      "provider": "provider[\"registry.terraform.io/hashicorp/aws\"]",
      "instances": [
        {
          "schema_version": 0,
          "attributes": {
            "arn": "arn:aws:ec2:ap-south-1:222634404995:route-table/rtb-0253ea8be2b6450ee",
            "id": "rtb-0253ea8be2b6450ee",
            "owner_id": "222634404995",
            "propagating_vgws": [],
            "route": [
              {
                "carrier_gateway_id": "",
                "cidr_block": "0.0.0.0/0",
                "core_network_arn": "",
                "destination_prefix_list_id": "",
                "egress_only_gateway_id": "",
                "gateway_id": "",
                "ipv6_cidr_block": "",
                "local_gateway_id": "",
                "nat_gateway_id": "nat-00f80e1667ba3f4d5",
                "network_interface_id": "",
                "transit_gateway_id": "",
                "vpc_endpoint_id": "",
                "vpc_peering_connection_id": ""
              }
            ],
            "tags": {
              "Name": "sri-private-rt"
            },
            "tags_all": {
              "Name": "sri-private-rt"
            },
            "timeouts": null,
            "vpc_id": "vpc-010df71c1c5fd659e"
          },
          "sensitive_attributes": [],
          "private": "eyJlMmJmYjczMC1lY2FhLTExZTYtOGY4OC0zNDM2M2JjN2M0YzAiOnsiY3JlYXRlIjozMDAwMDAwMDAwMDAsImRlbGV0ZSI6MzAwMDAwMDAwMDAwLCJ1cGRhdGUiOjEyMDAwMDAwMDAwMH19",
          "dependencies": [
            "aws_eip.nat",
            "aws_internet_gateway.igw",
            "aws_nat_gateway.nat",
            "aws_subnet.public",
            "aws_vpc.main"
          ]
        }
      ]
    },
    {
      "mode": "managed",
      "type": "aws_route_table",
      "name": "public",
      "provider": "provider[\"registry.terraform.io/hashicorp/aws\"]",
      "instances": [
        {
          "schema_version": 0,
          "attributes": {
            "arn": "arn:aws:ec2:ap-south-1:222634404995:route-table/rtb-0cf196e98c5ff7421",
            "id": "rtb-0cf196e98c5ff7421",
            "owner_id": "222634404995",
            "propagating_vgws": [],
            "route": [
              {
                "carrier_gateway_id": "",
                "cidr_block": "0.0.0.0/0",
                "core_network_arn": "",
                "destination_prefix_list_id": "",
                "egress_only_gateway_id": "",
                "gateway_id": "igw-0c5a1cc3d97454b17",
                "ipv6_cidr_block": "",
                "local_gateway_id": "",
                "nat_gateway_id": "",
                "network_interface_id": "",
                "transit_gateway_id": "",
                "vpc_endpoint_id": "",
                "vpc_peering_connection_id": ""
              }
            ],
            "tags": {
              "Name": "sri-public-rt"
            },
            "tags_all": {
              "Name": "sri-public-rt"
            },
            "timeouts": null,
            "vpc_id": "vpc-010df71c1c5fd659e"
          },
          "sensitive_attributes": [],
          "private": "eyJlMmJmYjczMC1lY2FhLTExZTYtOGY4OC0zNDM2M2JjN2M0YzAiOnsiY3JlYXRlIjozMDAwMDAwMDAwMDAsImRlbGV0ZSI6MzAwMDAwMDAwMDAwLCJ1cGRhdGUiOjEyMDAwMDAwMDAwMH19",
          "dependencies": [
            "aws_internet_gateway.igw",
            "aws_vpc.main"
          ]
        }
      ]
    },
    {
      "mode": "managed",
      "type": "aws_route_table_association",
      "name": "private",
      "provider": "provider[\"registry.terraform.io/hashicorp/aws\"]",
      "instances": [
        {
          "index_key": 0,
          "schema_version": 0,
          "attributes": {
            "gateway_id": "",
            "id": "rtbassoc-0afb48a7e55be2db6",
            "route_table_id": "rtb-0253ea8be2b6450ee",
            "subnet_id": "subnet-0414f34d6669e3b12",
            "timeouts": null
          },
          "sensitive_attributes": [],
          "private": "eyJlMmJmYjczMC1lY2FhLTExZTYtOGY4OC0zNDM2M2JjN2M0YzAiOnsiY3JlYXRlIjozMDAwMDAwMDAwMDAsImRlbGV0ZSI6MzAwMDAwMDAwMDAwLCJ1cGRhdGUiOjEyMDAwMDAwMDAwMH19",
          "dependencies": [
            "aws_eip.nat",
            "aws_internet_gateway.igw",
            "aws_nat_gateway.nat",
            "aws_route_table.private",
            "aws_subnet.private",
            "aws_subnet.public",
            "aws_vpc.main"
          ]
        },
        {
          "index_key": 1,
          "schema_version": 0,
          "attributes": {
            "gateway_id": "",
            "id": "rtbassoc-0e5a411b8449b02cb",
            "route_table_id": "rtb-0253ea8be2b6450ee",
            "subnet_id": "subnet-0835a718acff9f6d4",
            "timeouts": null
          },
          "sensitive_attributes": [],
          "private": "eyJlMmJmYjczMC1lY2FhLTExZTYtOGY4OC0zNDM2M2JjN2M0YzAiOnsiY3JlYXRlIjozMDAwMDAwMDAwMDAsImRlbGV0ZSI6MzAwMDAwMDAwMDAwLCJ1cGRhdGUiOjEyMDAwMDAwMDAwMH19",
          "dependencies": [
            "aws_eip.nat",
            "aws_internet_gateway.igw",
            "aws_nat_gateway.nat",
            "aws_route_table.private",
            "aws_subnet.private",
            "aws_subnet.public",
            "aws_vpc.main"
          ]
        }
      ]
    },
    {
      "mode": "managed",
      "type": "aws_route_table_association",
      "name": "public",
      "provider": "provider[\"registry.terraform.io/hashicorp/aws\"]",
      "instances": [
        {
          "index_key": 0,
          "schema_version": 0,
          "attributes": {
            "gateway_id": "",
            "id": "rtbassoc-07a0a514b3601cb60",
            "route_table_id": "rtb-0cf196e98c5ff7421",
            "subnet_id": "subnet-0d112b258d4e49294",
            "timeouts": null
          },
          "sensitive_attributes": [],
          "private": "eyJlMmJmYjczMC1lY2FhLTExZTYtOGY4OC0zNDM2M2JjN2M0YzAiOnsiY3JlYXRlIjozMDAwMDAwMDAwMDAsImRlbGV0ZSI6MzAwMDAwMDAwMDAwLCJ1cGRhdGUiOjEyMDAwMDAwMDAwMH19",
          "dependencies": [
            "aws_internet_gateway.igw",
            "aws_route_table.public",
            "aws_subnet.public",
            "aws_vpc.main"
          ]
        },
        {
          "index_key": 1,
          "schema_version": 0,
          "attributes": {
            "gateway_id": "",
            "id": "rtbassoc-0ac79bdf3a3eb5d80",
            "route_table_id": "rtb-0cf196e98c5ff7421",
            "subnet_id": "subnet-07f7ad15589fa6dc1",
            "timeouts": null
          },
          "sensitive_attributes": [],
          "private": "eyJlMmJmYjczMC1lY2FhLTExZTYtOGY4OC0zNDM2M2JjN2M0YzAiOnsiY3JlYXRlIjozMDAwMDAwMDAwMDAsImRlbGV0ZSI6MzAwMDAwMDAwMDAwLCJ1cGRhdGUiOjEyMDAwMDAwMDAwMH19",
          "dependencies": [
            "aws_internet_gateway.igw",
            "aws_route_table.public",
            "aws_subnet.public",
            "aws_vpc.main"
          ]
        }
      ]
    },
    {
      "mode": "managed",
      "type": "aws_security_group",
      "name": "alb",
      "provider": "provider[\"registry.terraform.io/hashicorp/aws\"]",
      "instances": [
        {
          "schema_version": 1,
          "attributes": {
            "arn": "arn:aws:ec2:ap-south-1:222634404995:security-group/sg-08c2e573162edb558",
            "description": "Allow HTTP inbound traffic from anywhere",
            "egress": [
              {
                "cidr_blocks": [
                  "0.0.0.0/0"
                ],
                "description": "",
                "from_port": 0,
                "ipv6_cidr_blocks": [],
                "prefix_list_ids": [],
                "protocol": "-1",
                "security_groups": [],
                "self": false,
                "to_port": 0
              }
            ],
            "id": "sg-08c2e573162edb558",
            "ingress": [
              {
                "cidr_blocks": [
                  "0.0.0.0/0"
                ],
                "description": "HTTP from anywhere",
                "from_port": 80,
                "ipv6_cidr_blocks": [],
                "prefix_list_ids": [],
                "protocol": "tcp",
                "security_groups": [],
                "self": false,
                "to_port": 80
              },
              {
                "cidr_blocks": [
                  "0.0.0.0/0"
                ],
                "description": "HTTPS from anywhere",
                "from_port": 443,
                "ipv6_cidr_blocks": [],
                "prefix_list_ids": [],
                "protocol": "tcp",
                "security_groups": [],
                "self": false,
                "to_port": 443
              }
            ],
            "name": "sri-alb-sg",
            "name_prefix": "",
            "owner_id": "222634404995",
            "revoke_rules_on_delete": false,
            "tags": {
              "Name": "sri-alb-sg"
            },
            "tags_all": {
              "Name": "sri-alb-sg"
            },
            "timeouts": null,
            "vpc_id": "vpc-010df71c1c5fd659e"
          },
          "sensitive_attributes": [],
          "private": "eyJlMmJmYjczMC1lY2FhLTExZTYtOGY4OC0zNDM2M2JjN2M0YzAiOnsiY3JlYXRlIjo2MDAwMDAwMDAwMDAsImRlbGV0ZSI6OTAwMDAwMDAwMDAwfSwic2NoZW1hX3ZlcnNpb24iOiIxIn0=",
          "dependencies": [
            "aws_vpc.main"
          ],
          "create_before_destroy": true
        }
      ]
    },
    {
      "mode": "managed",
      "type": "aws_security_group",
      "name": "app",
      "provider": "provider[\"registry.terraform.io/hashicorp/aws\"]",
      "instances": [
        {
          "schema_version": 1,
          "attributes": {
            "arn": "arn:aws:ec2:ap-south-1:222634404995:security-group/sg-0a993d791b4f3aeff",
            "description": "Allow HTTP from ALB and SSH from Bastion",
            "egress": [
              {
                "cidr_blocks": [
                  "0.0.0.0/0"
                ],
                "description": "",
                "from_port": 0,
                "ipv6_cidr_blocks": [],
                "prefix_list_ids": [],
                "protocol": "-1",
                "security_groups": [],
                "self": false,
                "to_port": 0
              }
            ],
            "id": "sg-0a993d791b4f3aeff",
            "ingress": [
              {
                "cidr_blocks": [],
                "description": "HTTP from ALB",
                "from_port": 80,
                "ipv6_cidr_blocks": [],
                "prefix_list_ids": [],
                "protocol": "tcp",
                "security_groups": [
                  "sg-08c2e573162edb558"
                ],
                "self": false,
                "to_port": 80
              },
              {
                "cidr_blocks": [],
                "description": "SSH from Bastion",
                "from_port": 22,
                "ipv6_cidr_blocks": [],
                "prefix_list_ids": [],
                "protocol": "tcp",
                "security_groups": [
                  "sg-06ca45f8d3262b7ba"
                ],
                "self": false,
                "to_port": 22
              }
            ],
            "name": "sri-app-sg",
            "name_prefix": "",
            "owner_id": "222634404995",
            "revoke_rules_on_delete": false,
            "tags": {
              "Name": "sri-app-sg"
            },
            "tags_all": {
              "Name": "sri-app-sg"
            },
            "timeouts": null,
            "vpc_id": "vpc-010df71c1c5fd659e"
          },
          "sensitive_attributes": [],
          "private": "eyJlMmJmYjczMC1lY2FhLTExZTYtOGY4OC0zNDM2M2JjN2M0YzAiOnsiY3JlYXRlIjo2MDAwMDAwMDAwMDAsImRlbGV0ZSI6OTAwMDAwMDAwMDAwfSwic2NoZW1hX3ZlcnNpb24iOiIxIn0=",
          "dependencies": [
            "aws_security_group.alb",
            "aws_security_group.bastion",
            "aws_vpc.main"
          ],
          "create_before_destroy": true
        }
      ]
    },
    {
      "mode": "managed",
      "type": "aws_security_group",
      "name": "bastion",
      "provider": "provider[\"registry.terraform.io/hashicorp/aws\"]",
      "instances": [
        {
          "schema_version": 1,
          "attributes": {
            "arn": "arn:aws:ec2:ap-south-1:222634404995:security-group/sg-06ca45f8d3262b7ba",
            "description": "Allow SSH inbound traffic",
            "egress": [
              {
                "cidr_blocks": [
                  "0.0.0.0/0"
                ],
                "description": "",
                "from_port": 0,
                "ipv6_cidr_blocks": [],
                "prefix_list_ids": [],
                "protocol": "-1",
                "security_groups": [],
                "self": false,
                "to_port": 0
              }
            ],
            "id": "sg-06ca45f8d3262b7ba",
            "ingress": [
              {
                "cidr_blocks": [
                  "0.0.0.0/0"
                ],
                "description": "SSH from anywhere",
                "from_port": 22,
                "ipv6_cidr_blocks": [],
                "prefix_list_ids": [],
                "protocol": "tcp",
                "security_groups": [],
                "self": false,
                "to_port": 22
              }
            ],
            "name": "sri-bastion-sg",
            "name_prefix": "",
            "owner_id": "222634404995",
            "revoke_rules_on_delete": false,
            "tags": {
              "Name": "sri-bastion-sg"
            },
            "tags_all": {
              "Name": "sri-bastion-sg"
            },
            "timeouts": null,
            "vpc_id": "vpc-010df71c1c5fd659e"
          },
          "sensitive_attributes": [],
          "private": "eyJlMmJmYjczMC1lY2FhLTExZTYtOGY4OC0zNDM2M2JjN2M0YzAiOnsiY3JlYXRlIjo2MDAwMDAwMDAwMDAsImRlbGV0ZSI6OTAwMDAwMDAwMDAwfSwic2NoZW1hX3ZlcnNpb24iOiIxIn0=",
          "dependencies": [
            "aws_vpc.main"
          ],
          "create_before_destroy": true
        }
      ]
    },
    {
      "mode": "managed",
      "type": "aws_subnet",
      "name": "private",
      "provider": "provider[\"registry.terraform.io/hashicorp/aws\"]",
      "instances": [
        {
          "index_key": 0,
          "schema_version": 1,
          "attributes": {
            "arn": "arn:aws:ec2:ap-south-1:222634404995:subnet/subnet-0414f34d6669e3b12",
            "assign_ipv6_address_on_creation": false,
            "availability_zone": "ap-south-1a",
            "availability_zone_id": "aps1-az1",
            "cidr_block": "10.0.3.0/24",
            "customer_owned_ipv4_pool": "",
            "enable_dns64": false,
            "enable_lni_at_device_index": 0,
            "enable_resource_name_dns_a_record_on_launch": false,
            "enable_resource_name_dns_aaaa_record_on_launch": false,
            "id": "subnet-0414f34d6669e3b12",
            "ipv6_cidr_block": "",
            "ipv6_cidr_block_association_id": "",
            "ipv6_native": false,
            "map_customer_owned_ip_on_launch": false,
            "map_public_ip_on_launch": false,
            "outpost_arn": "",
            "owner_id": "222634404995",
            "private_dns_hostname_type_on_launch": "ip-name",
            "tags": {
              "Name": "sri-private-subnet-1"
            },
            "tags_all": {
              "Name": "sri-private-subnet-1"
            },
            "timeouts": null,
            "vpc_id": "vpc-010df71c1c5fd659e"
          },
          "sensitive_attributes": [],
          "private": "eyJlMmJmYjczMC1lY2FhLTExZTYtOGY4OC0zNDM2M2JjN2M0YzAiOnsiY3JlYXRlIjo2MDAwMDAwMDAwMDAsImRlbGV0ZSI6MTIwMDAwMDAwMDAwMH0sInNjaGVtYV92ZXJzaW9uIjoiMSJ9",
          "dependencies": [
            "aws_vpc.main"
          ]
        },
        {
          "index_key": 1,
          "schema_version": 1,
          "attributes": {
            "arn": "arn:aws:ec2:ap-south-1:222634404995:subnet/subnet-0835a718acff9f6d4",
            "assign_ipv6_address_on_creation": false,
            "availability_zone": "ap-south-1b",
            "availability_zone_id": "aps1-az3",
            "cidr_block": "10.0.4.0/24",
            "customer_owned_ipv4_pool": "",
            "enable_dns64": false,
            "enable_lni_at_device_index": 0,
            "enable_resource_name_dns_a_record_on_launch": false,
            "enable_resource_name_dns_aaaa_record_on_launch": false,
            "id": "subnet-0835a718acff9f6d4",
            "ipv6_cidr_block": "",
            "ipv6_cidr_block_association_id": "",
            "ipv6_native": false,
            "map_customer_owned_ip_on_launch": false,
            "map_public_ip_on_launch": false,
            "outpost_arn": "",
            "owner_id": "222634404995",
            "private_dns_hostname_type_on_launch": "ip-name",
            "tags": {
              "Name": "sri-private-subnet-2"
            },
            "tags_all": {
              "Name": "sri-private-subnet-2"
            },
            "timeouts": null,
            "vpc_id": "vpc-010df71c1c5fd659e"
          },
          "sensitive_attributes": [],
          "private": "eyJlMmJmYjczMC1lY2FhLTExZTYtOGY4OC0zNDM2M2JjN2M0YzAiOnsiY3JlYXRlIjo2MDAwMDAwMDAwMDAsImRlbGV0ZSI6MTIwMDAwMDAwMDAwMH0sInNjaGVtYV92ZXJzaW9uIjoiMSJ9",
          "dependencies": [
            "aws_vpc.main"
          ]
        }
      ]
    },
    {
      "mode": "managed",
      "type": "aws_subnet",
      "name": "public",
      "provider": "provider[\"registry.terraform.io/hashicorp/aws\"]",
      "instances": [
        {
          "index_key": 0,
          "schema_version": 1,
          "attributes": {
            "arn": "arn:aws:ec2:ap-south-1:222634404995:subnet/subnet-0d112b258d4e49294",
            "assign_ipv6_address_on_creation": false,
            "availability_zone": "ap-south-1a",
            "availability_zone_id": "aps1-az1",
            "cidr_block": "10.0.1.0/24",
            "customer_owned_ipv4_pool": "",
            "enable_dns64": false,
            "enable_lni_at_device_index": 0,
            "enable_resource_name_dns_a_record_on_launch": false,
            "enable_resource_name_dns_aaaa_record_on_launch": false,
            "id": "subnet-0d112b258d4e49294",
            "ipv6_cidr_block": "",
            "ipv6_cidr_block_association_id": "",
            "ipv6_native": false,
            "map_customer_owned_ip_on_launch": false,
            "map_public_ip_on_launch": true,
            "outpost_arn": "",
            "owner_id": "222634404995",
            "private_dns_hostname_type_on_launch": "ip-name",
            "tags": {
              "Name": "sri-public-subnet-1"
            },
            "tags_all": {
              "Name": "sri-public-subnet-1"
            },
            "timeouts": null,
            "vpc_id": "vpc-010df71c1c5fd659e"
          },
          "sensitive_attributes": [],
          "private": "eyJlMmJmYjczMC1lY2FhLTExZTYtOGY4OC0zNDM2M2JjN2M0YzAiOnsiY3JlYXRlIjo2MDAwMDAwMDAwMDAsImRlbGV0ZSI6MTIwMDAwMDAwMDAwMH0sInNjaGVtYV92ZXJzaW9uIjoiMSJ9",
          "dependencies": [
            "aws_vpc.main"
          ]
        },
        {
          "index_key": 1,
          "schema_version": 1,
          "attributes": {
            "arn": "arn:aws:ec2:ap-south-1:222634404995:subnet/subnet-07f7ad15589fa6dc1",
            "assign_ipv6_address_on_creation": false,
            "availability_zone": "ap-south-1b",
            "availability_zone_id": "aps1-az3",
            "cidr_block": "10.0.2.0/24",
            "customer_owned_ipv4_pool": "",
            "enable_dns64": false,
            "enable_lni_at_device_index": 0,
            "enable_resource_name_dns_a_record_on_launch": false,
            "enable_resource_name_dns_aaaa_record_on_launch": false,
            "id": "subnet-07f7ad15589fa6dc1",
            "ipv6_cidr_block": "",
            "ipv6_cidr_block_association_id": "",
            "ipv6_native": false,
            "map_customer_owned_ip_on_launch": false,
            "map_public_ip_on_launch": true,
            "outpost_arn": "",
            "owner_id": "222634404995",
            "private_dns_hostname_type_on_launch": "ip-name",
            "tags": {
              "Name": "sri-public-subnet-2"
            },
            "tags_all": {
              "Name": "sri-public-subnet-2"
            },
            "timeouts": null,
            "vpc_id": "vpc-010df71c1c5fd659e"
          },
          "sensitive_attributes": [],
          "private": "eyJlMmJmYjczMC1lY2FhLTExZTYtOGY4OC0zNDM2M2JjN2M0YzAiOnsiY3JlYXRlIjo2MDAwMDAwMDAwMDAsImRlbGV0ZSI6MTIwMDAwMDAwMDAwMH0sInNjaGVtYV92ZXJzaW9uIjoiMSJ9",
          "dependencies": [
            "aws_vpc.main"
          ]
        }
      ]
    },
    {
      "mode": "managed",
      "type": "aws_vpc",
      "name": "main",
      "provider": "provider[\"registry.terraform.io/hashicorp/aws\"]",
      "instances": [
        {
          "schema_version": 1,
          "attributes": {
            "arn": "arn:aws:ec2:ap-south-1:222634404995:vpc/vpc-010df71c1c5fd659e",
            "assign_generated_ipv6_cidr_block": false,
            "cidr_block": "10.0.0.0/16",
            "default_network_acl_id": "acl-0d6ffc504dd76b426",
            "default_route_table_id": "rtb-021dead3b6a618b40",
            "default_security_group_id": "sg-039635df9b8544e1a",
            "dhcp_options_id": "dopt-01c4f955648beb8d0",
            "enable_dns_hostnames": true,
            "enable_dns_support": true,
            "enable_network_address_usage_metrics": false,
            "id": "vpc-010df71c1c5fd659e",
            "instance_tenancy": "default",
            "ipv4_ipam_pool_id": null,
            "ipv4_netmask_length": null,
            "ipv6_association_id": "",
            "ipv6_cidr_block": "",
            "ipv6_cidr_block_network_border_group": "",
            "ipv6_ipam_pool_id": "",
            "ipv6_netmask_length": 0,
            "main_route_table_id": "rtb-021dead3b6a618b40",
            "owner_id": "222634404995",
            "tags": {
              "Name": "sri-vpc"
            },
            "tags_all": {
              "Name": "sri-vpc"
            }
          },
          "sensitive_attributes": [],
          "private": "eyJzY2hlbWFfdmVyc2lvbiI6IjEifQ==",
          "create_before_destroy": true
        }
      ]
    }
  ],
  "check_results": null
}
